
Microsoft Visual Studio Solution File, Format Version 12.00
# Visual Studio Version 16
VisualStudioVersion = 16.0.29409.12
MinimumVisualStudioVersion = 10.0.40219.1
Project("{FAE04EC0-301F-11D3-BF4B-00C04F79EFBC}") = "Serpinski", "Serpinski\Serpinski.csproj", "{9059CD39-3C38-41E7-98DD-7EB7F18A7ED2}"
EndProject
Global
	GlobalSection(SolutionConfigurationPlatforms) = preSolution
		Debug|Any CPU = Debug|Any CPU
		Release|Any CPU = Release|Any CPU
	EndGlobalSection
	GlobalSection(ProjectConfigurationPlatforms) = postSolution
		{9059CD39-3C38-41E7-98DD-7EB7F18A7ED2}.Debug|Any CPU.ActiveCfg = Debug|Any CPU
		{9059CD39-3C38-41E7-98DD-7EB7F18A7ED2}.Debug|Any CPU.Build.0 = Debug|Any CPU
		{9059CD39-3C38-41E7-98DD-7EB7F18A7ED2}.Release|Any CPU.ActiveCfg = Release|Any CPU
		{9059CD39-3C38-41E7-98DD-7EB7F18A7ED2}.Release|Any CPU.Build.0 = Release|Any CPU
	EndGlobalSection
	GlobalSection(SolutionProperties) = preSolution
		HideSolutionNode = FALSE
	EndGlobalSection
	GlobalSection(ExtensibilityGlobals) = postSolution
		SolutionGuid = {E5E32B6C-A67D-4E86-BDDA-45711F1CCF15}
	EndGlobalSection
EndGlobal
